Microsoft Visual Studio Solution File, Format Version 12.00
# Visual Studio Version 17
VisualStudioVersion = 17.13.35828.75
MinimumVisualStudioVersion = 10.0.40219.1
Project("{FAE04EC0-301F-11D3-BF4B-00C04F79EFBC}") = "IPT-TMS-GoFare", "IPT-TMS-GoFare.csproj", "{A63B5AB9-95F5-621E-E8F7-86F7B4E1A295}"
EndProject
Global
	GlobalSection(SolutionConfigurationPlatforms) = preSolution
		Debug|Any CPU = Debug|Any CPU
		Release|Any CPU = Release|Any CPU
	EndGlobalSection
	GlobalSection(ProjectConfigurationPlatforms) = postSolution
		{A63B5AB9-95F5-621E-E8F7-86F7B4E1A295}.Debug|Any CPU.ActiveCfg = Debug|Any CPU
		{A63B5AB9-95F5-621E-E8F7-86F7B4E1A295}.Debug|Any CPU.Build.0 = Debug|Any CPU
		{A63B5AB9-95F5-621E-E8F7-86F7B4E1A295}.Release|Any CPU.ActiveCfg = Release|Any CPU
		{A63B5AB9-95F5-621E-E8F7-86F7B4E1A295}.Release|Any CPU.Build.0 = Release|Any CPU
	EndGlobalSection
	GlobalSection(SolutionProperties) = preSolution
		HideSolutionNode = FALSE
	EndGlobalSection
	GlobalSection(ExtensibilityGlobals) = postSolution
		SolutionGuid = {62174EE6-6F77-442F-A6F9-A17FEA6C0C9F}
	EndGlobalSection
EndGlobal
